
Microsoft Visual Studio Solution File, Format Version 12.00
# Visual Studio 15
VisualStudioVersion = 15.0.26430.16
MinimumVisualStudioVersion = 10.0.40219.1
Project("{FAE04EC0-301F-11D3-BF4B-00C04F79EFBC}") = "Common", "Common\Common.csproj", "{138F01FA-B23F-4ACA-93DB-D899BB244A1A}"
EndProject
Project("{FAE04EC0-301F-11D3-BF4B-00C04F79EFBC}") = "Models", "Models\Models.csproj", "{F64BA0EF-9DCD-4A5C-8758-BE688A3DD8CC}"
EndProject
Project("{2150E333-8FDC-42A3-9474-1A3956D46DE8}") = "1.数据持久层", "1.数据持久层", "{6ABA7C9D-CF1E-4AD8-9371-1EB19C570345}"
EndProject
Project("{2150E333-8FDC-42A3-9474-1A3956D46DE8}") = "2.数据会话层", "2.数据会话层", "{6D76C699-77A5-435E-92F8-076E0A41D776}"
EndProject
Project("{2150E333-8FDC-42A3-9474-1A3956D46DE8}") = "3.业务逻辑层", "3.业务逻辑层", "{F07B6135-FCCA-423A-A4A6-AC6EDAF7EA9D}"
EndProject
Project("{2150E333-8FDC-42A3-9474-1A3956D46DE8}") = "4.模型层", "4.模型层", "{E2424472-789E-470A-BB3F-A8B1AE15AB7D}"
EndProject
Project("{2150E333-8FDC-42A3-9474-1A3956D46DE8}") = "5.公共层", "5.公共层", "{6D81B600-29FA-4069-9A6D-8A2C05AE4884}"
EndProject
Project("{2150E333-8FDC-42A3-9474-1A3956D46DE8}") = "6.应用层", "6.应用层", "{9FD11F10-212A-4EAB-BBA0-1D12C72F0A37}"
EndProject
Project("{FAE04EC0-301F-11D3-BF4B-00C04F79EFBC}") = "IDAL", "IDAL\IDAL.csproj", "{7997FB01-C9C1-4793-A430-9CA3C3852B37}"
EndProject
Project("{FAE04EC0-301F-11D3-BF4B-00C04F79EFBC}") = "DAL", "DAL\DAL.csproj", "{F1A452F8-2757-4130-AECD-4CDCB675419F}"
EndProject
Project("{FAE04EC0-301F-11D3-BF4B-00C04F79EFBC}") = "DALFactory", "Factory\DALFactory.csproj", "{D927561B-5ED4-4599-8209-16F9D1F5461D}"
EndProject
Project("{FAE04EC0-301F-11D3-BF4B-00C04F79EFBC}") = "IBLL", "IBLL\IBLL.csproj", "{939493B4-A47C-43E2-99E3-92459CD0EB1E}"
EndProject
Project("{FAE04EC0-301F-11D3-BF4B-00C04F79EFBC}") = "BLL", "BLL\BLL.csproj", "{F7DEF70A-7EEA-4C03-866B-E351B352711C}"
EndProject
Project("{2150E333-8FDC-42A3-9474-1A3956D46DE8}") = "0.测试", "0.测试", "{8C6375EE-EA6F-4B0E-9099-D7E9F5117268}"
EndProject
Project("{2150E333-8FDC-42A3-9474-1A3956D46DE8}") = "代码生成", "代码生成", "{35B41AD4-63C0-4E0D-9E25-9465A4A9F70E}"
EndProject
Project("{FAE04EC0-301F-11D3-BF4B-00C04F79EFBC}") = "PermissionModel", "PermissionModel\PermissionModel.csproj", "{4B6102B6-241A-4404-B095-88B53078ACA5}"
EndProject
Project("{FAE04EC0-301F-11D3-BF4B-00C04F79EFBC}") = "WebAppClient1", "WebAppClient\WebAppClient1.csproj", "{87D9DDD5-1AAE-4B47-9B18-9430C34E1EEE}"
EndProject
Project("{FAE04EC0-301F-11D3-BF4B-00C04F79EFBC}") = "SSO.Core", "SSO.Core\SSO.Core.csproj", "{C4F95646-E348-4413-9F5D-219F8D8CDCD0}"
EndProject
Project("{FAE04EC0-301F-11D3-BF4B-00C04F79EFBC}") = "SSO.Passport.IdentityServer", "SSO.Passport.IdentityServer\SSO.Passport.IdentityServer.csproj", "{2D184674-8CCB-4D7E-9F8B-91FEC4DB0093}"
EndProject
Project("{FAE04EC0-301F-11D3-BF4B-00C04F79EFBC}") = "WebAppClient2", "WebAppClient2\WebAppClient2.csproj", "{CFC71DAD-E391-4CAF-B3B3-12283D194510}"
EndProject
Global
	GlobalSection(SolutionConfigurationPlatforms) = preSolution
		Debug|Any CPU = Debug|Any CPU
		Release|Any CPU = Release|Any CPU
	EndGlobalSection
	GlobalSection(ProjectConfigurationPlatforms) = postSolution
		{138F01FA-B23F-4ACA-93DB-D899BB244A1A}.Debug|Any CPU.ActiveCfg = Debug|Any CPU
		{138F01FA-B23F-4ACA-93DB-D899BB244A1A}.Debug|Any CPU.Build.0 = Debug|Any CPU
		{138F01FA-B23F-4ACA-93DB-D899BB244A1A}.Release|Any CPU.ActiveCfg = Release|Any CPU
		{138F01FA-B23F-4ACA-93DB-D899BB244A1A}.Release|Any CPU.Build.0 = Release|Any CPU
		{F64BA0EF-9DCD-4A5C-8758-BE688A3DD8CC}.Debug|Any CPU.ActiveCfg = Debug|Any CPU
		{F64BA0EF-9DCD-4A5C-8758-BE688A3DD8CC}.Debug|Any CPU.Build.0 = Debug|Any CPU
		{F64BA0EF-9DCD-4A5C-8758-BE688A3DD8CC}.Release|Any CPU.ActiveCfg = Release|Any CPU
		{F64BA0EF-9DCD-4A5C-8758-BE688A3DD8CC}.Release|Any CPU.Build.0 = Release|Any CPU
		{7997FB01-C9C1-4793-A430-9CA3C3852B37}.Debug|Any CPU.ActiveCfg = Debug|Any CPU
		{7997FB01-C9C1-4793-A430-9CA3C3852B37}.Debug|Any CPU.Build.0 = Debug|Any CPU
		{7997FB01-C9C1-4793-A430-9CA3C3852B37}.Release|Any CPU.ActiveCfg = Release|Any CPU
		{7997FB01-C9C1-4793-A430-9CA3C3852B37}.Release|Any CPU.Build.0 = Release|Any CPU
		{F1A452F8-2757-4130-AECD-4CDCB675419F}.Debug|Any CPU.ActiveCfg = Debug|Any CPU
		{F1A452F8-2757-4130-AECD-4CDCB675419F}.Debug|Any CPU.Build.0 = Debug|Any CPU
		{F1A452F8-2757-4130-AECD-4CDCB675419F}.Release|Any CPU.ActiveCfg = Release|Any CPU
		{F1A452F8-2757-4130-AECD-4CDCB675419F}.Release|Any CPU.Build.0 = Release|Any CPU
		{D927561B-5ED4-4599-8209-16F9D1F5461D}.Debug|Any CPU.ActiveCfg = Debug|Any CPU
		{D927561B-5ED4-4599-8209-16F9D1F5461D}.Debug|Any CPU.Build.0 = Debug|Any CPU
		{D927561B-5ED4-4599-8209-16F9D1F5461D}.Release|Any CPU.ActiveCfg = Release|Any CPU
		{D927561B-5ED4-4599-8209-16F9D1F5461D}.Release|Any CPU.Build.0 = Release|Any CPU
		{939493B4-A47C-43E2-99E3-92459CD0EB1E}.Debug|Any CPU.ActiveCfg = Debug|Any CPU
		{939493B4-A47C-43E2-99E3-92459CD0EB1E}.Debug|Any CPU.Build.0 = Debug|Any CPU
		{939493B4-A47C-43E2-99E3-92459CD0EB1E}.Release|Any CPU.ActiveCfg = Release|Any CPU
		{939493B4-A47C-43E2-99E3-92459CD0EB1E}.Release|Any CPU.Build.0 = Release|Any CPU
		{F7DEF70A-7EEA-4C03-866B-E351B352711C}.Debug|Any CPU.ActiveCfg = Debug|Any CPU
		{F7DEF70A-7EEA-4C03-866B-E351B352711C}.Debug|Any CPU.Build.0 = Debug|Any CPU
		{F7DEF70A-7EEA-4C03-866B-E351B352711C}.Release|Any CPU.ActiveCfg = Release|Any CPU
		{F7DEF70A-7EEA-4C03-866B-E351B352711C}.Release|Any CPU.Build.0 = Release|Any CPU
		{4B6102B6-241A-4404-B095-88B53078ACA5}.Debug|Any CPU.ActiveCfg = Debug|Any CPU
		{4B6102B6-241A-4404-B095-88B53078ACA5}.Debug|Any CPU.Build.0 = Debug|Any CPU
		{4B6102B6-241A-4404-B095-88B53078ACA5}.Release|Any CPU.ActiveCfg = Release|Any CPU
		{4B6102B6-241A-4404-B095-88B53078ACA5}.Release|Any CPU.Build.0 = Release|Any CPU
		{87D9DDD5-1AAE-4B47-9B18-9430C34E1EEE}.Debug|Any CPU.ActiveCfg = Debug|Any CPU
		{87D9DDD5-1AAE-4B47-9B18-9430C34E1EEE}.Debug|Any CPU.Build.0 = Debug|Any CPU
		{87D9DDD5-1AAE-4B47-9B18-9430C34E1EEE}.Release|Any CPU.ActiveCfg = Release|Any CPU
		{87D9DDD5-1AAE-4B47-9B18-9430C34E1EEE}.Release|Any CPU.Build.0 = Release|Any CPU
		{C4F95646-E348-4413-9F5D-219F8D8CDCD0}.Debug|Any CPU.ActiveCfg = Debug|Any CPU
		{C4F95646-E348-4413-9F5D-219F8D8CDCD0}.Debug|Any CPU.Build.0 = Debug|Any CPU
		{C4F95646-E348-4413-9F5D-219F8D8CDCD0}.Release|Any CPU.ActiveCfg = Release|Any CPU
		{C4F95646-E348-4413-9F5D-219F8D8CDCD0}.Release|Any CPU.Build.0 = Release|Any CPU
		{2D184674-8CCB-4D7E-9F8B-91FEC4DB0093}.Debug|Any CPU.ActiveCfg = Debug|Any CPU
		{2D184674-8CCB-4D7E-9F8B-91FEC4DB0093}.Debug|Any CPU.Build.0 = Debug|Any CPU
		{2D184674-8CCB-4D7E-9F8B-91FEC4DB0093}.Release|Any CPU.ActiveCfg = Release|Any CPU
		{2D184674-8CCB-4D7E-9F8B-91FEC4DB0093}.Release|Any CPU.Build.0 = Release|Any CPU
		{CFC71DAD-E391-4CAF-B3B3-12283D194510}.Debug|Any CPU.ActiveCfg = Debug|Any CPU
		{CFC71DAD-E391-4CAF-B3B3-12283D194510}.Debug|Any CPU.Build.0 = Debug|Any CPU
		{CFC71DAD-E391-4CAF-B3B3-12283D194510}.Release|Any CPU.ActiveCfg = Release|Any CPU
		{CFC71DAD-E391-4CAF-B3B3-12283D194510}.Release|Any CPU.Build.0 = Release|Any CPU
	EndGlobalSection
	GlobalSection(SolutionProperties) = preSolution
		HideSolutionNode = FALSE
	EndGlobalSection
	GlobalSection(NestedProjects) = preSolution
		{138F01FA-B23F-4ACA-93DB-D899BB244A1A} = {6D81B600-29FA-4069-9A6D-8A2C05AE4884}
		{F64BA0EF-9DCD-4A5C-8758-BE688A3DD8CC} = {E2424472-789E-470A-BB3F-A8B1AE15AB7D}
		{7997FB01-C9C1-4793-A430-9CA3C3852B37} = {6ABA7C9D-CF1E-4AD8-9371-1EB19C570345}
		{F1A452F8-2757-4130-AECD-4CDCB675419F} = {6ABA7C9D-CF1E-4AD8-9371-1EB19C570345}
		{D927561B-5ED4-4599-8209-16F9D1F5461D} = {6D76C699-77A5-435E-92F8-076E0A41D776}
		{939493B4-A47C-43E2-99E3-92459CD0EB1E} = {F07B6135-FCCA-423A-A4A6-AC6EDAF7EA9D}
		{F7DEF70A-7EEA-4C03-866B-E351B352711C} = {F07B6135-FCCA-423A-A4A6-AC6EDAF7EA9D}
		{35B41AD4-63C0-4E0D-9E25-9465A4A9F70E} = {E2424472-789E-470A-BB3F-A8B1AE15AB7D}
		{4B6102B6-241A-4404-B095-88B53078ACA5} = {35B41AD4-63C0-4E0D-9E25-9465A4A9F70E}
		{87D9DDD5-1AAE-4B47-9B18-9430C34E1EEE} = {8C6375EE-EA6F-4B0E-9099-D7E9F5117268}
		{C4F95646-E348-4413-9F5D-219F8D8CDCD0} = {6D81B600-29FA-4069-9A6D-8A2C05AE4884}
		{2D184674-8CCB-4D7E-9F8B-91FEC4DB0093} = {9FD11F10-212A-4EAB-BBA0-1D12C72F0A37}
		{CFC71DAD-E391-4CAF-B3B3-12283D194510} = {8C6375EE-EA6F-4B0E-9099-D7E9F5117268}
	EndGlobalSection
EndGlobal
